<?xml version="1.0" encoding="UTF-8" standalone="yes" ?>
<CodeBlocks_project_file>
	<FileVersion major="1" minor="6" />
	<Project>
		<Option title="minesweeper1" />
		<Option pch_mode="2" />
		<Option compiler="gcc" />
		<Build>
			<Target title="Debug">
				<Option output="bin/Debug/minesweeper1" prefix_auto="1" extension_auto="1" />
				<Option object_output="obj/Debug/" />
				<Option type="1" />
				<Option compiler="gcc" />
				<Compiler>
					<Add option="-g" />
				</Compiler>
			</Target>
			<Target title="Release">
				<Option output="bin/Release/minesweeper1" prefix_auto="1" extension_auto="1" />
				<Option object_output="obj/Release/" />
				<Option type="1" />
				<Option compiler="gcc" />
				<Compiler>
					<Add option="-O2" />
				</Compiler>
				<Linker>
					<Add option="-s" />
				</Linker>
			</Target>
		</Build>
		<Compiler>
			<Add option="-Wall" />
		</Compiler>
		<Unit filename="Array_fun.c">
			<Option compilerVar="CC" />
		</Unit>
		<Unit filename="Array_fun.h" />
		<Unit filename="INCell_operations.c">
			<Option compilerVar="CC" />
		</Unit>
		<Unit filename="INCell_operations.h" />
		<Unit filename="Mine_sweeper.c">
			<Option compilerVar="CC" />
		</Unit>
		<Unit filename="Mine_sweeper.h" />
		<Unit filename="Players_ranks.c">
			<Option compilerVar="CC" />
		</Unit>
		<Unit filename="Players_ranks.h" />
		<Unit filename="W&amp;L.c">
			<Option compilerVar="CC" />
		</Unit>
		<Unit filename="W&amp;L.h" />
		<Unit filename="cell_operations.c">
			<Option compilerVar="CC" />
		</Unit>
		<Unit filename="cell_operations.h" />
		<Unit filename="game_loop.c">
			<Option compilerVar="CC" />
		</Unit>
		<Unit filename="game_loop.h" />
		<Unit filename="main.c">
			<Option compilerVar="CC" />
		</Unit>
		<Unit filename="thread.c">
			<Option compilerVar="CC" />
		</Unit>
		<Unit filename="thread.h" />
		<Extensions>
			<code_completion />
			<envvars />
			<debugger />
			<lib_finder disable_auto="1" />
		</Extensions>
	</Project>
</CodeBlocks_project_file>
